
Microsoft Visual Studio Solution File, Format Version 12.00
# Visual Studio Version 17
VisualStudioVersion = 17.11.35327.3
MinimumVisualStudioVersion = 10.0.40219.1
Project("{9A19103F-16F7-4668-BE54-9A1E7A4F7556}") = "fProject", "fProject.csproj", "{EFF58725-6483-4871-B0FE-C90E1F1EB4DA}"
EndProject
Global
	GlobalSection(SolutionConfigurationPlatforms) = preSolution
		Debug|Any CPU = Debug|Any CPU
		Release|Any CPU = Release|Any CPU
	EndGlobalSection
	GlobalSection(ProjectConfigurationPlatforms) = postSolution
		{EFF58725-6483-4871-B0FE-C90E1F1EB4DA}.Debug|Any CPU.ActiveCfg = Debug|Any CPU
		{EFF58725-6483-4871-B0FE-C90E1F1EB4DA}.Debug|Any CPU.Build.0 = Debug|Any CPU
		{EFF58725-6483-4871-B0FE-C90E1F1EB4DA}.Release|Any CPU.ActiveCfg = Release|Any CPU
		{EFF58725-6483-4871-B0FE-C90E1F1EB4DA}.Release|Any CPU.Build.0 = Release|Any CPU
	EndGlobalSection
	GlobalSection(SolutionProperties) = preSolution
		HideSolutionNode = FALSE
	EndGlobalSection
	GlobalSection(ExtensibilityGlobals) = postSolution
		SolutionGuid = {403654CA-70FF-428E-841A-944566D0C4A0}
	EndGlobalSection
EndGlobal
